
Microsoft Visual Studio Solution File, Format Version 12.00
# Visual Studio 2013
VisualStudioVersion = 12.0.40629.0
MinimumVisualStudioVersion = 10.0.40219.1
Project("{FAE04EC0-301F-11D3-BF4B-00C04F79EFBC}") = "CurrencyCheck", "CurrencyCheck\CurrencyCheck.csproj", "{2A2FE56C-0A9B-4AE9-B425-D14439FED7B4}"
EndProject
Project("{FAE04EC0-301F-11D3-BF4B-00C04F79EFBC}") = "DreamItem", "DreamItem\DreamItem.csproj", "{659CFD7E-84CD-4B98-A490-F06546BD2556}"
EndProject
Project("{FAE04EC0-301F-11D3-BF4B-00C04F79EFBC}") = "MagicWand", "MagicWand\MagicWand.csproj", "{12D98994-DA59-40AE-A2BB-22018D09F03F}"
EndProject
Project("{FAE04EC0-301F-11D3-BF4B-00C04F79EFBC}") = "ArrayMatcher", "ArrayMatcher\ArrayMatcher.csproj", "{4CF4DA07-3FFF-4D70-8555-A090821ADD25}"
EndProject
Project("{FAE04EC0-301F-11D3-BF4B-00C04F79EFBC}") = "KnightPath", "KnightPath\KnightPath.csproj", "{BC3A2F89-AEF1-40A6-BDC1-F1D045E2EFCE}"
EndProject
Global
	GlobalSection(SolutionConfigurationPlatforms) = preSolution
		Debug|Any CPU = Debug|Any CPU
		Release|Any CPU = Release|Any CPU
	EndGlobalSection
	GlobalSection(ProjectConfigurationPlatforms) = postSolution
		{2A2FE56C-0A9B-4AE9-B425-D14439FED7B4}.Debug|Any CPU.ActiveCfg = Debug|Any CPU
		{2A2FE56C-0A9B-4AE9-B425-D14439FED7B4}.Debug|Any CPU.Build.0 = Debug|Any CPU
		{2A2FE56C-0A9B-4AE9-B425-D14439FED7B4}.Release|Any CPU.ActiveCfg = Release|Any CPU
		{2A2FE56C-0A9B-4AE9-B425-D14439FED7B4}.Release|Any CPU.Build.0 = Release|Any CPU
		{659CFD7E-84CD-4B98-A490-F06546BD2556}.Debug|Any CPU.ActiveCfg = Debug|Any CPU
		{659CFD7E-84CD-4B98-A490-F06546BD2556}.Debug|Any CPU.Build.0 = Debug|Any CPU
		{659CFD7E-84CD-4B98-A490-F06546BD2556}.Release|Any CPU.ActiveCfg = Release|Any CPU
		{659CFD7E-84CD-4B98-A490-F06546BD2556}.Release|Any CPU.Build.0 = Release|Any CPU
		{12D98994-DA59-40AE-A2BB-22018D09F03F}.Debug|Any CPU.ActiveCfg = Debug|Any CPU
		{12D98994-DA59-40AE-A2BB-22018D09F03F}.Debug|Any CPU.Build.0 = Debug|Any CPU
		{12D98994-DA59-40AE-A2BB-22018D09F03F}.Release|Any CPU.ActiveCfg = Release|Any CPU
		{12D98994-DA59-40AE-A2BB-22018D09F03F}.Release|Any CPU.Build.0 = Release|Any CPU
		{4CF4DA07-3FFF-4D70-8555-A090821ADD25}.Debug|Any CPU.ActiveCfg = Debug|Any CPU
		{4CF4DA07-3FFF-4D70-8555-A090821ADD25}.Debug|Any CPU.Build.0 = Debug|Any CPU
		{4CF4DA07-3FFF-4D70-8555-A090821ADD25}.Release|Any CPU.ActiveCfg = Release|Any CPU
		{4CF4DA07-3FFF-4D70-8555-A090821ADD25}.Release|Any CPU.Build.0 = Release|Any CPU
		{BC3A2F89-AEF1-40A6-BDC1-F1D045E2EFCE}.Debug|Any CPU.ActiveCfg = Debug|Any CPU
		{BC3A2F89-AEF1-40A6-BDC1-F1D045E2EFCE}.Debug|Any CPU.Build.0 = Debug|Any CPU
		{BC3A2F89-AEF1-40A6-BDC1-F1D045E2EFCE}.Release|Any CPU.ActiveCfg = Release|Any CPU
		{BC3A2F89-AEF1-40A6-BDC1-F1D045E2EFCE}.Release|Any CPU.Build.0 = Release|Any CPU
	EndGlobalSection
	GlobalSection(SolutionProperties) = preSolution
		HideSolutionNode = FALSE
	EndGlobalSection
EndGlobal
